
Microsoft Visual Studio Solution File, Format Version 12.00
# Visual Studio Version 16
VisualStudioVersion = 16.0.809.7
MinimumVisualStudioVersion = 10.0.40219.1
Project("{FAE04EC0-301F-11D3-BF4B-00C04F79EFBC}") = "AWSSSO.S3Buckets", "AWSSSO.S3Buckets\AWSSSO.S3Buckets.csproj", "{0CBA97BC-3868-4306-BF61-FB08445B5AAF}"
EndProject
Global
	GlobalSection(SolutionConfigurationPlatforms) = preSolution
		Debug|Any CPU = Debug|Any CPU
		Release|Any CPU = Release|Any CPU
	EndGlobalSection
	GlobalSection(ProjectConfigurationPlatforms) = postSolution
		{0CBA97BC-3868-4306-BF61-FB08445B5AAF}.Debug|Any CPU.ActiveCfg = Debug|Any CPU
		{0CBA97BC-3868-4306-BF61-FB08445B5AAF}.Debug|Any CPU.Build.0 = Debug|Any CPU
		{0CBA97BC-3868-4306-BF61-FB08445B5AAF}.Release|Any CPU.ActiveCfg = Release|Any CPU
		{0CBA97BC-3868-4306-BF61-FB08445B5AAF}.Release|Any CPU.Build.0 = Release|Any CPU
	EndGlobalSection
	GlobalSection(SolutionProperties) = preSolution
		HideSolutionNode = FALSE
	EndGlobalSection
	GlobalSection(ExtensibilityGlobals) = postSolution
		SolutionGuid = {8F6CFA1E-41BA-4AE5-B4B0-BBA9ED96F657}
	EndGlobalSection
EndGlobal
